
Microsoft Visual Studio Solution File, Format Version 12.00
# Visual Studio Version 17
VisualStudioVersion = 17.2.32616.157
MinimumVisualStudioVersion = 10.0.40219.1
Project("{FAE04EC0-301F-11D3-BF4B-00C04F79EFBC}") = "TestVisitor", "TestVisitor\TestVisitor.csproj", "{29DBB06B-CF3C-4F15-BCBC-495A02752171}"
EndProject
Global
	GlobalSection(SolutionConfigurationPlatforms) = preSolution
		Debug|Any CPU = Debug|Any CPU
		Release|Any CPU = Release|Any CPU
	EndGlobalSection
	GlobalSection(ProjectConfigurationPlatforms) = postSolution
		{29DBB06B-CF3C-4F15-BCBC-495A02752171}.Debug|Any CPU.ActiveCfg = Debug|Any CPU
		{29DBB06B-CF3C-4F15-BCBC-495A02752171}.Debug|Any CPU.Build.0 = Debug|Any CPU
		{29DBB06B-CF3C-4F15-BCBC-495A02752171}.Release|Any CPU.ActiveCfg = Release|Any CPU
		{29DBB06B-CF3C-4F15-BCBC-495A02752171}.Release|Any CPU.Build.0 = Release|Any CPU
	EndGlobalSection
	GlobalSection(SolutionProperties) = preSolution
		HideSolutionNode = FALSE
	EndGlobalSection
	GlobalSection(ExtensibilityGlobals) = postSolution
		SolutionGuid = {6755E12B-43DC-4974-B62C-819F070F1E59}
	EndGlobalSection
EndGlobal
